
Microsoft Visual Studio Solution File, Format Version 12.00
# Visual Studio Version 17
VisualStudioVersion = 17.4.33205.214
MinimumVisualStudioVersion = 10.0.40219.1
Project("{FAE04EC0-301F-11D3-BF4B-00C04F79EFBC}") = "DirectExchange.Consumer", "DirectExchange.Consumer\DirectExchange.Consumer.csproj", "{962AA50F-0EFC-4B96-B5BF-9D0587261740}"
EndProject
Global
	GlobalSection(SolutionConfigurationPlatforms) = preSolution
		Debug|Any CPU = Debug|Any CPU
		Release|Any CPU = Release|Any CPU
	EndGlobalSection
	GlobalSection(ProjectConfigurationPlatforms) = postSolution
		{962AA50F-0EFC-4B96-B5BF-9D0587261740}.Debug|Any CPU.ActiveCfg = Debug|Any CPU
		{962AA50F-0EFC-4B96-B5BF-9D0587261740}.Debug|Any CPU.Build.0 = Debug|Any CPU
		{962AA50F-0EFC-4B96-B5BF-9D0587261740}.Release|Any CPU.ActiveCfg = Release|Any CPU
		{962AA50F-0EFC-4B96-B5BF-9D0587261740}.Release|Any CPU.Build.0 = Release|Any CPU
	EndGlobalSection
	GlobalSection(SolutionProperties) = preSolution
		HideSolutionNode = FALSE
	EndGlobalSection
	GlobalSection(ExtensibilityGlobals) = postSolution
		SolutionGuid = {31B29099-3A0A-42A9-965E-0E1969FFCD08}
	EndGlobalSection
EndGlobal
